// !$*UTF8*$!
{
	archiveVersion = 1;
	classes = {
	};
	objectVersion = 46;
	objects = {

/* Begin PBXBuildFile section */
		BEF996C31D940B5600AD8831 /* AppDelegate.swift in Sources */ = {isa = PBXBuildFile; fileRef = BEF996C21D940B5600AD8831 /* AppDelegate.swift */; };
		BEF996C51D940B5600AD8831 /* ViewController.swift in Sources */ = {isa = PBXBuildFile; fileRef = BEF996C41D940B5600AD8831 /* ViewController.swift */; };
		BEF996C81D940B5600AD8831 /* Main.storyboard in Resources */ = {isa = PBXBuildFile; fileRef = BEF996C61D940B5600AD8831 /* Main.storyboard */; };
		BEF996CA1D940B5600AD8831 /* Assets.xcassets in Resources */ = {isa = PBXBuildFile; fileRef = BEF996C91D940B5600AD8831 /* Assets.xcassets */; };
		BEF996CD1D940B5600AD8831 /* LaunchScreen.storyboard in Resources */ = {isa = PBXBuildFile; fileRef = BEF996CB1D940B5600AD8831 /* LaunchScreen.storyboard */; };
		BEF996D81D940B5600AD8831 /* PitchPerfectTests.swift in Sources */ = {isa = PBXBuildFile; fileRef = BEF996D71D940B5600AD8831 /* PitchPerfectTests.swift */; };
		BEF996E31D940B5600AD8831 /* PitchPerfectUITests.swift in Sources */ = {isa = PBXBuildFile; fileRef = BEF996E21D940B5600AD8831 /* PitchPerfectUITests.swift */; };
/* End PBXBuildFile section */

/* Begin PBXContainerItemProxy section */
		BEF996D41D940B5600AD8831 /* PBXContainerItemProxy */ = {
			isa = PBXContainerItemProxy;
			containerPortal = BEF996B71D940B5500AD8831 /* Project object */;
			proxyType = 1;
			remoteGlobalIDString = BEF996BE1D940B5600AD8831;
			remoteInfo = PitchPerfect;
		};
		BEF996DF1D940B5600AD8831 /* PBXContainerItemProxy */ = {
			isa = PBXContainerItemProxy;
			containerPortal = BEF996B71D940B5500AD8831 /* Project object */;
			proxyType = 1;
			remoteGlobalIDString = BEF996BE1D940B5600AD8831;
			remoteInfo = PitchPerfect;
		};
/* End PBXContainerItemProxy section */

/* Begin PBXFileReference section */
		BEF996BF1D940B5600AD8831 /* PitchPerfect.app */ = {isa = PBXFileReference; explicitFileType = wrapper.application; includeInIndex = 0; path = PitchPerfect.app; sourceTree = BUILT_PRODUCTS_DIR; };
		BEF996C21D940B5600AD8831 /* AppDelegate.swift */ = {isa = PBXFileReference; lastKnownFileType = sourcecode.swift; path = AppDelegate.swift; sourceTree = "<group>"; };
		BEF996C41D940B5600AD8831 /* ViewController.swift */ = {isa = PBXFileReference; lastKnownFileType = sourcecode.swift; path = ViewController.swift; sourceTree = "<group>"; };
		BEF996C71D940B5600AD8831 /* Base */ = {isa = PBXFileReference; lastKnownFileType = file.storyboard; name = Base; path = Base.lproj/Main.storyboard; sourceTree = "<group>"; };
		BEF996C91D940B5600AD8831 /* Assets.xcassets */ = {isa = PBXFileReference; lastKnownFileType = folder.assetcatalog; path = Assets.xcassets; sourceTree = "<group>"; };
		BEF996CC1D940B5600AD8831 /* Base */ = {isa = PBXFileReference; lastKnownFileType = file.storyboard; name = Base; path = Base.lproj/LaunchScreen.storyboard; sourceTree = "<group>"; };
		BEF996CE1D940B5600AD8831 /* Info.plist */ = {isa = PBXFileReference; lastKnownFileType = text.plist.xml; path = Info.plist; sourceTree = "<group>"; };
		BEF996D31D940B5600AD8831 /* PitchPerfectTests.xctest */ = {isa = PBXFileReference; explicitFileType = wrapper.cfbundle; includeInIndex = 0; path = PitchPerfectTests.xctest; sourceTree = BUILT_PRODUCTS_DIR; };
		BEF996D71D940B5600AD8831 /* PitchPerfectTests.swift */ = {isa = PBXFileReference; lastKnownFileType = sourcecode.swift; path = PitchPerfectTests.swift; sourceTree = "<group>"; };
		BEF996D91D940B5600AD8831 /* Info.plist */ = {isa = PBXFileReference; lastKnownFileType = text.plist.xml; path = Info.plist; sourceTree = "<group>"; };
		BEF996DE1D940B5600AD8831 /* PitchPerfectUITests.xctest */ = {isa = PBXFileReference; explicitFileType = wrapper.cfbundle; includeInIndex = 0; path = PitchPerfectUITests.xctest; sourceTree = BUILT_PRODUCTS_DIR; };
		BEF996E21D940B5600AD8831 /* PitchPerfectUITests.swift */ = {isa = PBXFileReference; lastKnownFileType = sourcecode.swift; path = PitchPerfectUITests.swift; sourceTree = "<group>"; };
		BEF996E41D940B5600AD8831 /* Info.plist */ = {isa = PBXFileReference; lastKnownFileType = text.plist.xml; path = Info.plist; sourceTree = "<group>"; };
/* End PBXFileReference section */

/* Begin PBXFrameworksBuildPhase section */
		BEF996BC1D940B5600AD8831 /* Frameworks */ = {
			isa = PBXFrameworksBuildPhase;
			buildActionMask = 2147483647;
			files = (
			);
			runOnlyForDeploymentPostprocessing = 0;
		};
		BEF996D01D940B5600AD8831 /* Frameworks */ = {
			isa = PBXFrameworksBuildPhase;
			buildActionMask = 2147483647;
			files = (
			);
			runOnlyForDeploymentPostprocessing = 0;
		};
		BEF996DB1D940B5600AD8831 /* Frameworks */ = {
			isa = PBXFrameworksBuildPhase;
			buildActionMask = 2147483647;
			files = (
			);
			runOnlyForDeploymentPostprocessing = 0;
		};
/* End PBXFrameworksBuildPhase section */

/* Begin PBXGroup section */
		BEF996B61D940B5500AD8831 = {
			isa = PBXGroup;
			children = (
				BEF996C11D940B5600AD8831 /* PitchPerfect */,
				BEF996D61D940B5600AD8831 /* PitchPerfectTests */,
				BEF996E11D940B5600AD8831 /* PitchPerfectUITests */,
				BEF996C01D940B5600AD8831 /* Products */,
			);
			sourceTree = "<group>";
		};
		BEF996C01D940B5600AD8831 /* Products */ = {
			isa = PBXGroup;
			children = (
				BEF996BF1D940B5600AD8831 /* PitchPerfect.app */,
				BEF996D31D940B5600AD8831 /* PitchPerfectTests.xctest */,
				BEF996DE1D940B5600AD8831 /* PitchPerfectUITests.xctest */,
			);
			name = Products;
			sourceTree = "<group>";
		};
		BEF996C11D940B5600AD8831 /* PitchPerfect */ = {
			isa = PBXGroup;
			children = (
				BEF996C21D940B5600AD8831 /* AppDelegate.swift */,
				BEF996C41D940B5600AD8831 /* ViewController.swift */,
				BEF996C61D940B5600AD8831 /* Main.storyboard */,
				BEF996C91D940B5600AD8831 /* Assets.xcassets */,
				BEF996CB1D940B5600AD8831 /* LaunchScreen.storyboard */,
				BEF996CE1D940B5600AD8831 /* Info.plist */,
			);
			path = PitchPerfect;
			sourceTree = "<group>";
		};
		BEF996D61D940B5600AD8831 /* PitchPerfectTests */ = {
			isa = PBXGroup;
			children = (
				BEF996D71D940B5600AD8831 /* PitchPerfectTests.swift */,
				BEF996D91D940B5600AD8831 /* Info.plist */,
			);
			path = PitchPerfectTests;
			sourceTree = "<group>";
		};
		BEF996E11D940B5600AD8831 /* PitchPerfectUITests */ = {
			isa = PBXGroup;
			children = (
				BEF996E21D940B5600AD8831 /* PitchPerfectUITests.swift */,
				BEF996E41D940B5600AD8831 /* Info.plist */,
			);
			path = PitchPerfectUITests;
			sourceTree = "<group>";
		};
/* End PBXGroup section */

/* Begin PBXNativeTarget section */
		BEF996BE1D940B5600AD8831 /* PitchPerfect */ = {
			isa = PBXNativeTarget;
			buildConfigurationList = BEF996E71D940B5600AD8831 /* Build configuration list for PBXNativeTarget "PitchPerfect" */;
			buildPhases = (
				BEF996BB1D940B5600AD8831 /* Sources */,
				BEF996BC1D940B5600AD8831 /* Frameworks */,
				BEF996BD1D940B5600AD8831 /* Resources */,
			);
			buildRules = (
			);
			dependencies = (
			);
			name = PitchPerfect;
			productName = PitchPerfect;
			productReference = BEF996BF1D940B5600AD8831 /* PitchPerfect.app */;
			productType = "com.apple.product-type.application";
		};
		BEF996D21D940B5600AD8831 /* PitchPerfectTests */ = {
			isa = PBXNativeTarget;
			buildConfigurationList = BEF996EA1D940B5600AD8831 /* Build configuration list for PBXNativeTarget "PitchPerfectTests" */;
			buildPhases = (
				BEF996CF1D940B5600AD8831 /* Sources */,
				BEF996D01D940B5600AD8831 /* Frameworks */,
				BEF996D11D940B5600AD8831 /* Resources */,
			);
			buildRules = (
			);
			dependencies = (
				BEF996D51D940B5600AD8831 /* PBXTargetDependency */,
			);
			name = PitchPerfectTests;
			productName = PitchPerfectTests;
			productReference = BEF996D31D940B5600AD8831 /* PitchPerfectTests.xctest */;
			productType = "com.apple.product-type.bundle.unit-test";
		};
		BEF996DD1D940B5600AD8831 /* PitchPerfectUITests */ = {
			isa = PBXNativeTarget;
			buildConfigurationList = BEF996ED1D940B5600AD8831 /* Build configuration list for PBXNativeTarget "PitchPerfectUITests" */;
			buildPhases = (
				BEF996DA1D940B5600AD8831 /* Sources */,
				BEF996DB1D940B5600AD8831 /* Frameworks */,
				BEF996DC1D940B5600AD8831 /* Resources */,
			);
			buildRules = (
			);
			dependencies = (
				BEF996E01D940B5600AD8831 /* PBXTargetDependency */,
			);
			name = PitchPerfectUITests;
			productName = PitchPerfectUITests;
			productReference = BEF996DE1D940B5600AD8831 /* PitchPerfectUITests.xctest */;
			productType = "com.apple.product-type.bundle.ui-testing";
		};
/* End PBXNativeTarget section */

/* Begin PBXProject section */
		BEF996B71D940B5500AD8831 /* Project object */ = {
			isa = PBXProject;
			attributes = {
				LastSwiftUpdateCheck = 0800;
				LastUpgradeCheck = 0800;
				ORGANIZATIONNAME = miyajan;
				TargetAttributes = {
					BEF996BE1D940B5600AD8831 = {
						CreatedOnToolsVersion = 8.0;
						ProvisioningStyle = Automatic;
					};
					BEF996D21D940B5600AD8831 = {
						CreatedOnToolsVersion = 8.0;
						ProvisioningStyle = Automatic;
						TestTargetID = BEF996BE1D940B5600AD8831;
					};
					BEF996DD1D940B5600AD8831 = {
						CreatedOnToolsVersion = 8.0;
						ProvisioningStyle = Automatic;
						TestTargetID = BEF996BE1D940B5600AD8831;
					};
				};
			};
			buildConfigurationList = BEF996BA1D940B5600AD8831 /* Build configuration list for PBXProject "PitchPerfect" */;
			compatibilityVersion = "Xcode 3.2";
			developmentRegion = English;
			hasScannedForEncodings = 0;
			knownRegions = (
				en,
				Base,
			);
			mainGroup = BEF996B61D940B5500AD8831;
			productRefGroup = BEF996C01D940B5600AD8831 /* Products */;
			projectDirPath = "";
			projectRoot = "";
			targets = (
				BEF996BE1D940B5600AD8831 /* PitchPerfect */,
				BEF996D21D940B5600AD8831 /* PitchPerfectTests */,
				BEF996DD1D940B5600AD8831 /* PitchPerfectUITests */,
			);
		};
/* End PBXProject section */

/* Begin PBXResourcesBuildPhase section */
		BEF996BD1D940B5600AD8831 /* Resources */ = {
			isa = PBXResourcesBuildPhase;
			buildActionMask = 2147483647;
			files = (
				BEF996CD1D940B5600AD8831 /* LaunchScreen.storyboard in Resources */,
				BEF996CA1D940B5600AD8831 /* Assets.xcassets in Resources */,
				BEF996C81D940B5600AD8831 /* Main.storyboard in Resources */,
			);
			runOnlyForDeploymentPostprocessing = 0;
		};
		BEF996D11D940B5600AD8831 /* Resources */ = {
			isa = PBXResourcesBuildPhase;
			buildActionMask = 2147483647;
			files = (
			);
			runOnlyForDeploymentPostprocessing = 0;
		};
		BEF996DC1D940B5600AD8831 /* Resources */ = {
			isa = PBXResourcesBuildPhase;
			buildActionMask = 2147483647;
			files = (
			);
			runOnlyForDeploymentPostprocessing = 0;
		};
/* End PBXResourcesBuildPhase section */

/* Begin PBXSourcesBuildPhase section */
		BEF996BB1D940B5600AD8831 /* Sources */ = {
			isa = PBXSourcesBuildPhase;
			buildActionMask = 2147483647;
			files = (
				BEF996C51D940B5600AD8831 /* ViewController.swift in Sources */,
				BEF996C31D940B5600AD8831 /* AppDelegate.swift in Sources */,
			);
			runOnlyForDeploymentPostprocessing = 0;
		};
		BEF996CF1D940B5600AD8831 /* Sources */ = {
			isa = PBXSourcesBuildPhase;
			buildActionMask = 2147483647;
			files = (
				BEF996D81D940B5600AD8831 /* PitchPerfectTests.swift in Sources */,
			);
			runOnlyForDeploymentPostprocessing = 0;
		};
		BEF996DA1D940B5600AD8831 /* Sources */ = {
			isa = PBXSourcesBuildPhase;
			buildActionMask = 2147483647;
			files = (
				BEF996E31D940B5600AD8831 /* PitchPerfectUITests.swift in Sources */,
			);
			runOnlyForDeploymentPostprocessing = 0;
		};
/* End PBXSourcesBuildPhase section */

/* Begin PBXTargetDependency section */
		BEF996D51D940B5600AD8831 /* PBXTargetDependency */ = {
			isa = PBXTargetDependency;
			target = BEF996BE1D940B5600AD8831 /* PitchPerfect */;
			targetProxy = BEF996D41D940B5600AD8831 /* PBXContainerItemProxy */;
		};
		BEF996E01D940B5600AD8831 /* PBXTargetDependency */ = {
			isa = PBXTargetDependency;
			target = BEF996BE1D940B5600AD8831 /* PitchPerfect */;
			targetProxy = BEF996DF1D940B5600AD8831 /* PBXContainerItemProxy */;
		};
/* End PBXTargetDependency section */

/* Begin PBXVariantGroup section */
		BEF996C61D940B5600AD8831 /* Main.storyboard */ = {
			isa = PBXVariantGroup;
			children = (
				BEF996C71D940B5600AD8831 /* Base */,
			);
			name = Main.storyboard;
			sourceTree = "<group>";
		};
		BEF996CB1D940B5600AD8831 /* LaunchScreen.storyboard */ = {
			isa = PBXVariantGroup;
			children = (
				BEF996CC1D940B5600AD8831 /* Base */,
			);
			name = LaunchScreen.storyboard;
			sourceTree = "<group>";
		};
/* End PBXVariantGroup section */

/* Begin XCBuildConfiguration section */
		BEF996E51D940B5600AD8831 /* Debug */ = {
			isa = XCBuildConfiguration;
			buildSettings = {
				ALWAYS_SEARCH_USER_PATHS = NO;
				CLANG_ANALYZER_NONNULL = YES;
				CLANG_CXX_LANGUAGE_STANDARD = "gnu++0x";
				CLANG_CXX_LIBRARY = "libc++";
				CLANG_ENABLE_MODULES = YES;
				CLANG_ENABLE_OBJC_ARC = YES;
				CLANG_WARN_BOOL_CONVERSION = YES;
				CLANG_WARN_CONSTANT_CONVERSION = YES;
				CLANG_WARN_DIRECT_OBJC_ISA_USAGE = YES_ERROR;
				CLANG_WARN_DOCUMENTATION_COMMENTS = YES;
				CLANG_WARN_EMPTY_BODY = YES;
				CLANG_WARN_ENUM_CONVERSION = YES;
				CLANG_WARN_INFINITE_RECURSION = YES;
				CLANG_WARN_INT_CONVERSION = YES;
				CLANG_WARN_OBJC_ROOT_CLASS = YES_ERROR;
				CLANG_WARN_SUSPICIOUS_MOVES = YES;
				CLANG_WARN_UNREACHABLE_CODE = YES;
				CLANG_WARN__DUPLICATE_METHOD_MATCH = YES;
				"CODE_SIGN_IDENTITY[sdk=iphoneos*]" = "iPhone Developer";
				COPY_PHASE_STRIP = NO;
				DEBUG_INFORMATION_FORMAT = dwarf;
				ENABLE_STRICT_OBJC_MSGSEND = YES;
				ENABLE_TESTABILITY = YES;
				GCC_C_LANGUAGE_STANDARD = gnu99;
				GCC_DYNAMIC_NO_PIC = NO;
				GCC_NO_COMMON_BLOCKS = YES;
				GCC_OPTIMIZATION_LEVEL = 0;
				GCC_PREPROCESSOR_DEFINITIONS = (
					"DEBUG=1",
					"$(inherited)",
				);
				GCC_WARN_64_TO_32_BIT_CONVERSION = YES;
				GCC_WARN_ABOUT_RETURN_TYPE = YES_ERROR;
				GCC_WARN_UNDECLARED_SELECTOR = YES;
				GCC_WARN_UNINITIALIZED_AUTOS = YES_AGGRESSIVE;
				GCC_WARN_UNUSED_FUNCTION = YES;
				GCC_WARN_UNUSED_VARIABLE = YES;
				IPHONEOS_DEPLOYMENT_TARGET = 10.0;
				MTL_ENABLE_DEBUG_INFO = YES;
				ONLY_ACTIVE_ARCH = YES;
				SDKROOT = iphoneos;
				SWIFT_ACTIVE_COMPILATION_CONDITIONS = DEBUG;
				SWIFT_OPTIMIZATION_LEVEL = "-Onone";
				TARGETED_DEVICE_FAMILY = "1,2";
			};
			name = Debug;
		};
		BEF996E61D940B5600AD8831 /* Release */ = {
			isa = XCBuildConfiguration;
			buildSettings = {
				ALWAYS_SEARCH_USER_PATHS = NO;
				CLANG_ANALYZER_NONNULL = YES;
				CLANG_CXX_LANGUAGE_STANDARD = "gnu++0x";
				CLANG_CXX_LIBRARY = "libc++";
				CLANG_ENABLE_MODULES = YES;
				CLANG_ENABLE_OBJC_ARC = YES;
				CLANG_WARN_BOOL_CONVERSION = YES;
				CLANG_WARN_CONSTANT_CONVERSION = YES;
				CLANG_WARN_DIRECT_OBJC_ISA_USAGE = YES_ERROR;
				CLANG_WARN_DOCUMENTATION_COMMENTS = YES;
				CLANG_WARN_EMPTY_BODY = YES;
				CLANG_WARN_ENUM_CONVERSION = YES;
				CLANG_WARN_INFINITE_RECURSION = YES;
				CLANG_WARN_INT_CONVERSION = YES;
				CLANG_WARN_OBJC_ROOT_CLASS = YES_ERROR;
				CLANG_WARN_SUSPICIOUS_MOVES = YES;
				CLANG_WARN_UNREACHABLE_CODE = YES;
				CLANG_WARN__DUPLICATE_METHOD_MATCH = YES;
				"CODE_SIGN_IDENTITY[sdk=iphoneos*]" = "iPhone Developer";
				COPY_PHASE_STRIP = NO;
				DEBUG_INFORMATION_FORMAT = "dwarf-with-dsym";
				ENABLE_NS_ASSERTIONS = NO;
				ENABLE_STRICT_OBJC_MSGSEND = YES;
				GCC_C_LANGUAGE_STANDARD = gnu99;
				GCC_NO_COMMON_BLOCKS = YES;
				GCC_WARN_64_TO_32_BIT_CONVERSION = YES;
				GCC_WARN_ABOUT_RETURN_TYPE = YES_ERROR;
				GCC_WARN_UNDECLARED_SELECTOR = YES;
				GCC_WARN_UNINITIALIZED_AUTOS = YES_AGGRESSIVE;
				GCC_WARN_UNUSED_FUNCTION = YES;
				GCC_WARN_UNUSED_VARIABLE = YES;
				IPHONEOS_DEPLOYMENT_TARGET = 10.0;
				MTL_ENABLE_DEBUG_INFO = NO;
				SDKROOT = iphoneos;
				SWIFT_OPTIMIZATION_LEVEL = "-Owholemodule";
				TARGETED_DEVICE_FAMILY = "1,2";
				VALIDATE_PRODUCT = YES;
			};
			name = Release;
		};
		BEF996E81D940B5600AD8831 /* Debug */ = {
			isa = XCBuildConfiguration;
			buildSettings = {
				ASSETCATALOG_COMPILER_APPICON_NAME = AppIcon;
				INFOPLIST_FILE = PitchPerfect/Info.plist;
				LD_RUNPATH_SEARCH_PATHS = "$(inherited) @executable_path/Frameworks";
				PRODUCT_BUNDLE_IDENTIFIER = miyajan.PitchPerfect;
				PRODUCT_NAME = "$(TARGET_NAME)";
				SWIFT_VERSION = 3.0;
			};
			name = Debug;
		};
		BEF996E91D940B5600AD8831 /* Release */ = {
			isa = XCBuildConfiguration;
			buildSettings = {
				ASSETCATALOG_COMPILER_APPICON_NAME = AppIcon;
				INFOPLIST_FILE = PitchPerfect/Info.plist;
				LD_RUNPATH_SEARCH_PATHS = "$(inherited) @executable_path/Frameworks";
				PRODUCT_BUNDLE_IDENTIFIER = miyajan.PitchPerfect;
				PRODUCT_NAME = "$(TARGET_NAME)";
				SWIFT_VERSION = 3.0;
			};
			name = Release;
		};
		BEF996EB1D940B5600AD8831 /* Debug */ = {
			isa = XCBuildConfiguration;
			buildSettings = {
				ALWAYS_EMBED_SWIFT_STANDARD_LIBRARIES = YES;
				BUNDLE_LOADER = "$(TEST_HOST)";
				INFOPLIST_FILE = PitchPerfectTests/Info.plist;
				LD_RUNPATH_SEARCH_PATHS = "$(inherited) @executable_path/Frameworks @loader_path/Frameworks";
				PRODUCT_BUNDLE_IDENTIFIER = miyajan.PitchPerfectTests;
				PRODUCT_NAME = "$(TARGET_NAME)";
				SWIFT_VERSION = 3.0;
				TEST_HOST = "$(BUILT_PRODUCTS_DIR)/PitchPerfect.app/PitchPerfect";
			};
			name = Debug;
		};
		BEF996EC1D940B5600AD8831 /* Release */ = {
			isa = XCBuildConfiguration;
			buildSettings = {
				ALWAYS_EMBED_SWIFT_STANDARD_LIBRARIES = YES;
				BUNDLE_LOADER = "$(TEST_HOST)";
				INFOPLIST_FILE = PitchPerfectTests/Info.plist;
				LD_RUNPATH_SEARCH_PATHS = "$(inherited) @executable_path/Frameworks @loader_path/Frameworks";
				PRODUCT_BUNDLE_IDENTIFIER = miyajan.PitchPerfectTests;
				PRODUCT_NAME = "$(TARGET_NAME)";
				SWIFT_VERSION = 3.0;
				TEST_HOST = "$(BUILT_PRODUCTS_DIR)/PitchPerfect.app/PitchPerfect";
			};
			name = Release;
		};
		BEF996EE1D940B5600AD8831 /* Debug */ = {
			isa = XCBuildConfiguration;
			buildSettings = {
				ALWAYS_EMBED_SWIFT_STANDARD_LIBRARIES = YES;
				INFOPLIST_FILE = PitchPerfectUITests/Info.plist;
				LD_RUNPATH_SEARCH_PATHS = "$(inherited) @executable_path/Frameworks @loader_path/Frameworks";
				PRODUCT_BUNDLE_IDENTIFIER = miyajan.PitchPerfectUITests;
				PRODUCT_NAME = "$(TARGET_NAME)";
				SWIFT_VERSION = 3.0;
				TEST_TARGET_NAME = PitchPerfect;
			};
			name = Debug;
		};
		BEF996EF1D940B5600AD8831 /* Release */ = {
			isa = XCBuildConfiguration;
			buildSettings = {
				ALWAYS_EMBED_SWIFT_STANDARD_LIBRARIES = YES;
				INFOPLIST_FILE = PitchPerfectUITests/Info.plist;
				LD_RUNPATH_SEARCH_PATHS = "$(inherited) @executable_path/Frameworks @loader_path/Frameworks";
				PRODUCT_BUNDLE_IDENTIFIER = miyajan.PitchPerfectUITests;
				PRODUCT_NAME = "$(TARGET_NAME)";
				SWIFT_VERSION = 3.0;
				TEST_TARGET_NAME = PitchPerfect;
			};
			name = Release;
		};
/* End XCBuildConfiguration section */

/* Begin XCConfigurationList section */
		BEF996BA1D940B5600AD8831 /* Build configuration list for PBXProject "PitchPerfect" */ = {
			isa = XCConfigurationList;
			buildConfigurations = (
				BEF996E51D940B5600AD8831 /* Debug */,
				BEF996E61D940B5600AD8831 /* Release */,
			);
			defaultConfigurationIsVisible = 0;
			defaultConfigurationName = Release;
		};
		BEF996E71D940B5600AD8831 /* Build configuration list for PBXNativeTarget "PitchPerfect" */ = {
			isa = XCConfigurationList;
			buildConfigurations = (
				BEF996E81D940B5600AD8831 /* Debug */,
				BEF996E91D940B5600AD8831 /* Release */,
			);
			defaultConfigurationIsVisible = 0;
		};
		BEF996EA1D940B5600AD8831 /* Build configuration list for PBXNativeTarget "PitchPerfectTests" */ = {
			isa = XCConfigurationList;
			buildConfigurations = (
				BEF996EB1D940B5600AD8831 /* Debug */,
				BEF996EC1D940B5600AD8831 /* Release */,
			);
			defaultConfigurationIsVisible = 0;
		};
		BEF996ED1D940B5600AD8831 /* Build configuration list for PBXNativeTarget "PitchPerfectUITests" */ = {
			isa = XCConfigurationList;
			buildConfigurations = (
				BEF996EE1D940B5600AD8831 /* Debug */,
				BEF996EF1D940B5600AD8831 /* Release */,
			);
			defaultConfigurationIsVisible = 0;
		};
/* End XCConfigurationList section */
	};
	rootObject = BEF996B71D940B5500AD8831 /* Project object */;
}
